<?xml version="1.0" encoding="UTF-8"?>
<!DOCTYPE plist PUBLIC "-//Apple//DTD PLIST 1.0//EN" "http://www.apple.com/DTDs/PropertyList-1.0.dtd">
<plist version="1.0">
<dict>
	<key>hostname</key>
	<string>LawrencedeMacBook-Pro.local</string>
	<key>hostuuid</key>
	<string>E7E8468F-88D9-5476-B50E-B8F23861FC89</string>
	<key>pid</key>
	<integer>1215</integer>
	<key>processname</key>
	<string>photolibraryd</string>
	<key>uid</key>
	<integer>501</integer>
</dict>
</plist>
